{
  "nodes": {
    "apptainer-source": {
      "flake": false,
      "locked": {
        "lastModified": 1655920251,
        "narHash": "sha256-qZru1NghcM9UdHXTuM8VEt71zhjm6nlXhfUgvxiXdTc=",
        "owner": "apptainer",
        "repo": "apptainer",
        "rev": "df2e948800bfad2f0c1bc5370dc94be75c14c93f",
        "type": "github"
      },
      "original": {
        "owner": "apptainer",
        "repo": "apptainer",
        "type": "github"
      }
    },
    "flake-utils": {
      "locked": {
        "lastModified": 1649676176,
        "narHash": "sha256-OWKJratjt2RW151VUlJPRALb7OU2S5s+f0vLj4o1bHM=",
        "owner": "numtide",
        "repo": "flake-utils",
        "rev": "a4b154ebbdc88c8498a5c7b01589addc9e9cb678",
        "type": "github"
      },
      "original": {
        "owner": "numtide",
        "repo": "flake-utils",
        "type": "github"
      }
    },
    "lowdown-src": {
      "flake": false,
      "locked": {
        "lastModified": 1633514407,
        "narHash": "sha256-Dw32tiMjdK9t3ETl5fzGrutQTzh2rufgZV4A/BbxuD4=",
        "owner": "kristapsdz",
        "repo": "lowdown",
        "rev": "d2c2b44ff6c27b936ec27358a2653caaef8f73b8",
        "type": "github"
      },
      "original": {
        "owner": "kristapsdz",
        "repo": "lowdown",
        "type": "github"
      }
    },
    "nix-for-nix-portable": {
      "inputs": {
        "lowdown-src": "lowdown-src",
        "nixpkgs": [
          "nixpkgs"
        ]
      },
      "locked": {
        "lastModified": 1639739069,
        "narHash": "sha256-GOsiqy9EaTwDn2PLZ4eFj1VkXcBUbqrqHehRE9GuGdU=",
        "owner": "NixOS",
        "repo": "nix",
        "rev": "b4f250417ab64f237c8b51439fe1f427193ab23b",
        "type": "github"
      },
      "original": {
        "id": "nix",
        "ref": "2.5.1",
        "type": "indirect"
      }
    },
    "nix-portable-flake": {
      "inputs": {
        "defaultChannel": [
          "nixpkgs"
        ],
        "nix": [
          "nix-for-nix-portable"
        ],
        "nixpkgs": [
          "nixpkgs"
        ]
      },
      "locked": {
        "lastModified": 1645082837,
        "narHash": "sha256-KdQKmvSzUfVs16jwHU0+QcInw1slrj0pt2bVfy3orEU=",
        "owner": "DavHau",
        "repo": "nix-portable",
        "rev": "dc3481afd717d1aa3c37b7b38d7ed795c508ee53",
        "type": "github"
      },
      "original": {
        "owner": "DavHau",
        "repo": "nix-portable",
        "type": "github"
      }
    },
    "nix-prefetch-flake": {
      "inputs": {
        "flake-utils": [
          "flake-utils"
        ],
        "nixpkgs": [
          "nixpkgs"
        ]
      },
      "locked": {
        "lastModified": 1644688005,
        "narHash": "sha256-Ve2/yvT0Pb/hIxGUjVyxrGQaNQCMNRUgsGYIjEjfb+c=",
        "owner": "ShamrockLee",
        "repo": "nix-prefetch",
        "rev": "9da16d679c67dd80d9c3a2719790045151c3de2f",
        "type": "github"
      },
      "original": {
        "owner": "ShamrockLee",
        "ref": "experimental-features",
        "repo": "nix-prefetch",
        "type": "github"
      }
    },
    "nixpkgs": {
      "locked": {
        "lastModified": 1650400979,
        "narHash": "sha256-OjWH2+HyxOwiO2jP01E1QH06gArw+zLWbCQMgEve9gg=",
        "owner": "NixOS",
        "repo": "nixpkgs",
        "rev": "147b03fa8ebf9d5d5f6784f87dc61f0e7beee911",
        "type": "github"
      },
      "original": {
        "owner": "NixOS",
        "ref": "nixos-21.11",
        "repo": "nixpkgs",
        "type": "github"
      }
    },
    "root": {
      "inputs": {
        "apptainer-source": "apptainer-source",
        "flake-utils": "flake-utils",
        "nix-for-nix-portable": "nix-for-nix-portable",
        "nix-portable-flake": "nix-portable-flake",
        "nix-prefetch-flake": "nix-prefetch-flake",
        "nixpkgs": "nixpkgs",
        "root-source": "root-source"
      }
    },
    "root-source": {
      "flake": false,
      "locked": {
        "lastModified": 1650459687,
        "narHash": "sha256-YfRd32WmgkvF9g+vtndcKoPCwMCNQrXMwkyNwTQG68Y=",
        "owner": "root-project",
        "repo": "root",
        "rev": "b6f1dd7fcef9e01d80b48dadb672558ad9733d67",
        "type": "github"
      },
      "original": {
        "owner": "root-project",
        "ref": "master",
        "repo": "root",
        "type": "github"
      }
    }
  },
  "root": "root",
  "version": 7
}
