{
  "nodes": {
    "apptainer-source": {
      "flake": false,
      "locked": {
        "lastModified": 1645271571,
        "narHash": "sha256-iC3iOBTrwxq9VbpaMbjBV6UUOw+XNwuQr/O0/VoCa00=",
        "owner": "ShamrockLee",
        "repo": "apptainer",
        "rev": "5c0d5a29733f3de2d2ca62eef97cb506a9281c75",
        "type": "github"
      },
      "original": {
        "owner": "ShamrockLee",
        "ref": "noroot",
        "repo": "apptainer",
        "type": "github"
      }
    },
    "flake-utils": {
      "locked": {
        "lastModified": 1648297722,
        "narHash": "sha256-W+qlPsiZd8F3XkzXOzAoR+mpFqzm3ekQkJNa+PIh1BQ=",
        "owner": "numtide",
        "repo": "flake-utils",
        "rev": "0f8662f1319ad6abf89b3380dd2722369fc51ade",
        "type": "github"
      },
      "original": {
        "owner": "numtide",
        "repo": "flake-utils",
        "type": "github"
      }
    },
    "lowdown-src": {
      "flake": false,
      "locked": {
        "lastModified": 1633514407,
        "narHash": "sha256-Dw32tiMjdK9t3ETl5fzGrutQTzh2rufgZV4A/BbxuD4=",
        "owner": "kristapsdz",
        "repo": "lowdown",
        "rev": "d2c2b44ff6c27b936ec27358a2653caaef8f73b8",
        "type": "github"
      },
      "original": {
        "owner": "kristapsdz",
        "repo": "lowdown",
        "type": "github"
      }
    },
    "nix-for-nix-portable": {
      "inputs": {
        "lowdown-src": "lowdown-src",
        "nixpkgs": [
          "nixpkgs"
        ]
      },
      "locked": {
        "lastModified": 1639739069,
        "narHash": "sha256-GOsiqy9EaTwDn2PLZ4eFj1VkXcBUbqrqHehRE9GuGdU=",
        "owner": "NixOS",
        "repo": "nix",
        "rev": "b4f250417ab64f237c8b51439fe1f427193ab23b",
        "type": "github"
      },
      "original": {
        "id": "nix",
        "ref": "2.5.1",
        "type": "indirect"
      }
    },
    "nix-portable-flake": {
      "inputs": {
        "defaultChannel": [
          "nixpkgs"
        ],
        "nix": [
          "nix-for-nix-portable"
        ],
        "nixpkgs": [
          "nixpkgs"
        ]
      },
      "locked": {
        "lastModified": 1645082837,
        "narHash": "sha256-KdQKmvSzUfVs16jwHU0+QcInw1slrj0pt2bVfy3orEU=",
        "owner": "DavHau",
        "repo": "nix-portable",
        "rev": "dc3481afd717d1aa3c37b7b38d7ed795c508ee53",
        "type": "github"
      },
      "original": {
        "owner": "DavHau",
        "repo": "nix-portable",
        "type": "github"
      }
    },
    "nix-prefetch-flake": {
      "inputs": {
        "flake-utils": [
          "flake-utils"
        ],
        "nixpkgs": [
          "nixpkgs"
        ]
      },
      "locked": {
        "lastModified": 1644688005,
        "narHash": "sha256-Ve2/yvT0Pb/hIxGUjVyxrGQaNQCMNRUgsGYIjEjfb+c=",
        "owner": "ShamrockLee",
        "repo": "nix-prefetch",
        "rev": "9da16d679c67dd80d9c3a2719790045151c3de2f",
        "type": "github"
      },
      "original": {
        "owner": "ShamrockLee",
        "ref": "experimental-features",
        "repo": "nix-prefetch",
        "type": "github"
      }
    },
    "nixpkgs": {
      "locked": {
        "lastModified": 1649117019,
        "narHash": "sha256-ID7nw/8MDgqj/cbJ0wy6AtQ9wp58hSnE6+weZwuHnso=",
        "owner": "NixOS",
        "repo": "nixpkgs",
        "rev": "ccb90fb9e11459aeaf83cc28d5f8910816d90dd0",
        "type": "github"
      },
      "original": {
        "owner": "NixOS",
        "ref": "nixos-21.11",
        "repo": "nixpkgs",
        "type": "github"
      }
    },
    "root": {
      "inputs": {
        "apptainer-source": "apptainer-source",
        "flake-utils": "flake-utils",
        "nix-for-nix-portable": "nix-for-nix-portable",
        "nix-portable-flake": "nix-portable-flake",
        "nix-prefetch-flake": "nix-prefetch-flake",
        "nixpkgs": "nixpkgs",
        "root-source": "root-source"
      }
    },
    "root-source": {
      "flake": false,
      "locked": {
        "lastModified": 1649194347,
        "narHash": "sha256-htyol08Eu2ySh9B3xrpFKSEdp+4Ye43wZe+3RjpCwQ0=",
        "owner": "root-project",
        "repo": "root",
        "rev": "a669657e3f90468d42a2a6c1a8f9d608a66ccebe",
        "type": "github"
      },
      "original": {
        "owner": "root-project",
        "ref": "master",
        "repo": "root",
        "type": "github"
      }
    }
  },
  "root": "root",
  "version": 7
}
