{
  "nodes": {
    "flake-utils": {
      "locked": {
        "lastModified": 1623875721,
        "narHash": "sha256-A8BU7bjS5GirpAUv4QA+QnJ4CceLHkcXdRp4xITDB0s=",
        "owner": "numtide",
        "repo": "flake-utils",
        "rev": "f7e004a55b120c02ecb6219596820fcd32ca8772",
        "type": "github"
      },
      "original": {
        "owner": "numtide",
        "repo": "flake-utils",
        "type": "github"
      }
    },
    "nixpkgs": {
      "locked": {
        "lastModified": 1628696776,
        "narHash": "sha256-K8+/IQNZDZltIu/KSf+Tz01OwNzTGgTch0ktMOWcxLg=",
        "owner": "NixOS",
        "repo": "nixpkgs",
        "rev": "927ce1afc1db40869a463a37ea2738c27d425f80",
        "type": "github"
      },
      "original": {
        "owner": "NixOS",
        "ref": "nixos-21.05",
        "repo": "nixpkgs",
        "type": "github"
      }
    },
    "nixpkgs-root": {
      "locked": {
        "lastModified": 1628672385,
        "narHash": "sha256-Xb/yIAo1OK8OEwrtd5SP3bjAD06PLXsrWG3WTLKqme0=",
        "owner": "ShamrockLee",
        "repo": "nixpkgs",
        "rev": "60e709069fa2fbcfca943d8f6df8dc6d33c67025",
        "type": "github"
      },
      "original": {
        "owner": "ShamrockLee",
        "ref": "root-6-25",
        "repo": "nixpkgs",
        "type": "github"
      }
    },
    "root": {
      "inputs": {
        "flake-utils": "flake-utils",
        "nixpkgs": "nixpkgs",
        "nixpkgs-root": "nixpkgs-root",
        "root-source": "root-source"
      }
    },
    "root-source": {
      "flake": false,
      "locked": {
        "lastModified": 1629371942,
        "narHash": "sha256-Ygjz3nMQzGgymwIQnBSnFSn7/NRKOvm+42xUTbHje/k=",
        "owner": "eguiraud",
        "repo": "root",
        "rev": "2b84957197f5b42e963bf2ec9c36eb1781012380",
        "type": "github"
      },
      "original": {
        "owner": "eguiraud",
        "ref": "redefine-fix",
        "repo": "root",
        "type": "github"
      }
    }
  },
  "root": "root",
  "version": 7
}
